
Microsoft Visual Studio Solution File, Format Version 12.00
# Visual Studio Version 16
VisualStudioVersion = 16.0.31019.35
MinimumVisualStudioVersion = 10.0.40219.1
Project("{2150E333-8FDC-42A3-9474-1A3956D46DE8}") = "Services", "Services", "{B2FA79BF-09D2-4C0A-9E70-46B7B9314C2B}"
EndProject
Project("{2150E333-8FDC-42A3-9474-1A3956D46DE8}") = "ProductService", "ProductService", "{532EE836-2CCA-4E7F-9FCC-0AA5483A713C}"
EndProject
Project("{9A19103F-16F7-4668-BE54-9A1E7A4F7556}") = "ProductService.API", "ProductServicec.API\ProductService.API.csproj", "{2D9850ED-EDA8-4CD8-AE4B-B69D06409445}"
EndProject
Project("{2150E333-8FDC-42A3-9474-1A3956D46DE8}") = "APIGateway", "APIGateway", "{0FD0F02E-2518-43F8-9D1B-697B19EF1F18}"
EndProject
Project("{2150E333-8FDC-42A3-9474-1A3956D46DE8}") = "Extensions", "Extensions", "{3D9EC3E5-4C68-4E88-92DD-217439BE70E4}"
EndProject
Project("{9A19103F-16F7-4668-BE54-9A1E7A4F7556}") = "EshopSolution.Extensions", "EshopSolution.Extentsions\EshopSolution.Extensions.csproj", "{09FD71EE-6C92-4310-9624-CB0DE9075511}"
EndProject
Project("{2150E333-8FDC-42A3-9474-1A3956D46DE8}") = "FIleService", "FIleService", "{327E023F-D87E-457A-97D6-07A12EBCDF38}"
EndProject
Project("{9A19103F-16F7-4668-BE54-9A1E7A4F7556}") = "FileService.Domain", "FileService.Domain\FileService.Domain.csproj", "{943131F1-D726-4BE4-A27E-23F638926FB5}"
EndProject
Project("{9A19103F-16F7-4668-BE54-9A1E7A4F7556}") = "FIleService.Infrastructure", "FIleService.Infrastructor\FIleService.Infrastructure.csproj", "{3F30CB6B-4EA1-41B1-84FF-EF973BD7F87B}"
EndProject
Project("{9A19103F-16F7-4668-BE54-9A1E7A4F7556}") = "FileService.API", "FileService.API\FileService.API.csproj", "{B69D8295-0BA2-4795-A4E0-724E31B79AED}"
EndProject
Project("{2150E333-8FDC-42A3-9474-1A3956D46DE8}") = "Dependencies", "Dependencies", "{1CB7DC6F-D8C7-44BF-B2EA-FFAE520E87CC}"
EndProject
Project("{9A19103F-16F7-4668-BE54-9A1E7A4F7556}") = "ProductService.Domain", "ProductService.Domain\ProductService.Domain.csproj", "{8D3181FD-ABCE-4046-811E-459D217B4C8B}"
EndProject
Project("{9A19103F-16F7-4668-BE54-9A1E7A4F7556}") = "ProductService.Infrastructure", "ProductService.Infrastructure\ProductService.Infrastructure.csproj", "{0C875D9E-5A26-4AA3-8972-EEC4FD40BD9E}"
EndProject
Project("{2150E333-8FDC-42A3-9474-1A3956D46DE8}") = "OrderService", "OrderService", "{5C052725-3A5D-4F62-A382-7A97F0335F16}"
EndProject
Project("{9A19103F-16F7-4668-BE54-9A1E7A4F7556}") = "OrderService.Domain", "OrderService.Domain\OrderService.Domain.csproj", "{946F8E0E-53D3-4614-9651-B927B8AB6C2D}"
EndProject
Project("{9A19103F-16F7-4668-BE54-9A1E7A4F7556}") = "OrderService.Infrastructure", "OrderService.Infrastructure\OrderService.Infrastructure.csproj", "{D164EFA0-D521-42CA-8B86-C41DDFEC6244}"
EndProject
Project("{9A19103F-16F7-4668-BE54-9A1E7A4F7556}") = "OrderService.API", "OrderService.API\OrderService.API.csproj", "{704ACD4F-DC05-460C-8913-0EC238F3C073}"
EndProject
Project("{9A19103F-16F7-4668-BE54-9A1E7A4F7556}") = "GatewayAPI", "GatewayAPI\GatewayAPI.csproj", "{E0E01504-1210-47F5-8C74-834F76C93BD7}"
EndProject
Project("{2150E333-8FDC-42A3-9474-1A3956D46DE8}") = "SystemService", "SystemService", "{F3E9EDF4-18A8-466F-B6D4-EFE281286456}"
EndProject
Project("{9A19103F-16F7-4668-BE54-9A1E7A4F7556}") = "SystemService.API", "SystemService.API\SystemService.API.csproj", "{8802F91B-CD26-4C2C-A191-BA6EF77D49B2}"
EndProject
Project("{9A19103F-16F7-4668-BE54-9A1E7A4F7556}") = "SystemService.Domain", "SystemService.Domain\SystemService.Domain.csproj", "{DBD83BE1-6A79-40DF-9280-33D5AB7EC601}"
EndProject
Project("{9A19103F-16F7-4668-BE54-9A1E7A4F7556}") = "SystemService.Infrastructure", "SystemService.Infrastructure\SystemService.Infrastructure.csproj", "{87561962-6613-4086-8F74-2D36CB30077D}"
EndProject
Project("{2150E333-8FDC-42A3-9474-1A3956D46DE8}") = "Authentication", "Authentication", "{B3A56EF1-48E6-488A-BE34-90EF8146CA1A}"
EndProject
Project("{9A19103F-16F7-4668-BE54-9A1E7A4F7556}") = "Authentication.API", "Authentication.API\Authentication.API.csproj", "{1453EB59-0F92-4835-9790-6F5F8853CFED}"
EndProject
Global
	GlobalSection(SolutionConfigurationPlatforms) = preSolution
		Debug|Any CPU = Debug|Any CPU
		Release|Any CPU = Release|Any CPU
	EndGlobalSection
	GlobalSection(ProjectConfigurationPlatforms) = postSolution
		{2D9850ED-EDA8-4CD8-AE4B-B69D06409445}.Debug|Any CPU.ActiveCfg = Debug|Any CPU
		{2D9850ED-EDA8-4CD8-AE4B-B69D06409445}.Debug|Any CPU.Build.0 = Debug|Any CPU
		{2D9850ED-EDA8-4CD8-AE4B-B69D06409445}.Release|Any CPU.ActiveCfg = Release|Any CPU
		{2D9850ED-EDA8-4CD8-AE4B-B69D06409445}.Release|Any CPU.Build.0 = Release|Any CPU
		{09FD71EE-6C92-4310-9624-CB0DE9075511}.Debug|Any CPU.ActiveCfg = Debug|Any CPU
		{09FD71EE-6C92-4310-9624-CB0DE9075511}.Debug|Any CPU.Build.0 = Debug|Any CPU
		{09FD71EE-6C92-4310-9624-CB0DE9075511}.Release|Any CPU.ActiveCfg = Release|Any CPU
		{09FD71EE-6C92-4310-9624-CB0DE9075511}.Release|Any CPU.Build.0 = Release|Any CPU
		{943131F1-D726-4BE4-A27E-23F638926FB5}.Debug|Any CPU.ActiveCfg = Debug|Any CPU
		{943131F1-D726-4BE4-A27E-23F638926FB5}.Debug|Any CPU.Build.0 = Debug|Any CPU
		{943131F1-D726-4BE4-A27E-23F638926FB5}.Release|Any CPU.ActiveCfg = Release|Any CPU
		{943131F1-D726-4BE4-A27E-23F638926FB5}.Release|Any CPU.Build.0 = Release|Any CPU
		{3F30CB6B-4EA1-41B1-84FF-EF973BD7F87B}.Debug|Any CPU.ActiveCfg = Debug|Any CPU
		{3F30CB6B-4EA1-41B1-84FF-EF973BD7F87B}.Debug|Any CPU.Build.0 = Debug|Any CPU
		{3F30CB6B-4EA1-41B1-84FF-EF973BD7F87B}.Release|Any CPU.ActiveCfg = Release|Any CPU
		{3F30CB6B-4EA1-41B1-84FF-EF973BD7F87B}.Release|Any CPU.Build.0 = Release|Any CPU
		{B69D8295-0BA2-4795-A4E0-724E31B79AED}.Debug|Any CPU.ActiveCfg = Debug|Any CPU
		{B69D8295-0BA2-4795-A4E0-724E31B79AED}.Debug|Any CPU.Build.0 = Debug|Any CPU
		{B69D8295-0BA2-4795-A4E0-724E31B79AED}.Release|Any CPU.ActiveCfg = Release|Any CPU
		{B69D8295-0BA2-4795-A4E0-724E31B79AED}.Release|Any CPU.Build.0 = Release|Any CPU
		{8D3181FD-ABCE-4046-811E-459D217B4C8B}.Debug|Any CPU.ActiveCfg = Debug|Any CPU
		{8D3181FD-ABCE-4046-811E-459D217B4C8B}.Debug|Any CPU.Build.0 = Debug|Any CPU
		{8D3181FD-ABCE-4046-811E-459D217B4C8B}.Release|Any CPU.ActiveCfg = Release|Any CPU
		{8D3181FD-ABCE-4046-811E-459D217B4C8B}.Release|Any CPU.Build.0 = Release|Any CPU
		{0C875D9E-5A26-4AA3-8972-EEC4FD40BD9E}.Debug|Any CPU.ActiveCfg = Debug|Any CPU
		{0C875D9E-5A26-4AA3-8972-EEC4FD40BD9E}.Debug|Any CPU.Build.0 = Debug|Any CPU
		{0C875D9E-5A26-4AA3-8972-EEC4FD40BD9E}.Release|Any CPU.ActiveCfg = Release|Any CPU
		{0C875D9E-5A26-4AA3-8972-EEC4FD40BD9E}.Release|Any CPU.Build.0 = Release|Any CPU
		{946F8E0E-53D3-4614-9651-B927B8AB6C2D}.Debug|Any CPU.ActiveCfg = Debug|Any CPU
		{946F8E0E-53D3-4614-9651-B927B8AB6C2D}.Debug|Any CPU.Build.0 = Debug|Any CPU
		{946F8E0E-53D3-4614-9651-B927B8AB6C2D}.Release|Any CPU.ActiveCfg = Release|Any CPU
		{946F8E0E-53D3-4614-9651-B927B8AB6C2D}.Release|Any CPU.Build.0 = Release|Any CPU
		{D164EFA0-D521-42CA-8B86-C41DDFEC6244}.Debug|Any CPU.ActiveCfg = Debug|Any CPU
		{D164EFA0-D521-42CA-8B86-C41DDFEC6244}.Debug|Any CPU.Build.0 = Debug|Any CPU
		{D164EFA0-D521-42CA-8B86-C41DDFEC6244}.Release|Any CPU.ActiveCfg = Release|Any CPU
		{D164EFA0-D521-42CA-8B86-C41DDFEC6244}.Release|Any CPU.Build.0 = Release|Any CPU
		{704ACD4F-DC05-460C-8913-0EC238F3C073}.Debug|Any CPU.ActiveCfg = Debug|Any CPU
		{704ACD4F-DC05-460C-8913-0EC238F3C073}.Debug|Any CPU.Build.0 = Debug|Any CPU
		{704ACD4F-DC05-460C-8913-0EC238F3C073}.Release|Any CPU.ActiveCfg = Release|Any CPU
		{704ACD4F-DC05-460C-8913-0EC238F3C073}.Release|Any CPU.Build.0 = Release|Any CPU
		{E0E01504-1210-47F5-8C74-834F76C93BD7}.Debug|Any CPU.ActiveCfg = Debug|Any CPU
		{E0E01504-1210-47F5-8C74-834F76C93BD7}.Debug|Any CPU.Build.0 = Debug|Any CPU
		{E0E01504-1210-47F5-8C74-834F76C93BD7}.Release|Any CPU.ActiveCfg = Release|Any CPU
		{E0E01504-1210-47F5-8C74-834F76C93BD7}.Release|Any CPU.Build.0 = Release|Any CPU
		{8802F91B-CD26-4C2C-A191-BA6EF77D49B2}.Debug|Any CPU.ActiveCfg = Debug|Any CPU
		{8802F91B-CD26-4C2C-A191-BA6EF77D49B2}.Debug|Any CPU.Build.0 = Debug|Any CPU
		{8802F91B-CD26-4C2C-A191-BA6EF77D49B2}.Release|Any CPU.ActiveCfg = Release|Any CPU
		{8802F91B-CD26-4C2C-A191-BA6EF77D49B2}.Release|Any CPU.Build.0 = Release|Any CPU
		{DBD83BE1-6A79-40DF-9280-33D5AB7EC601}.Debug|Any CPU.ActiveCfg = Debug|Any CPU
		{DBD83BE1-6A79-40DF-9280-33D5AB7EC601}.Debug|Any CPU.Build.0 = Debug|Any CPU
		{DBD83BE1-6A79-40DF-9280-33D5AB7EC601}.Release|Any CPU.ActiveCfg = Release|Any CPU
		{DBD83BE1-6A79-40DF-9280-33D5AB7EC601}.Release|Any CPU.Build.0 = Release|Any CPU
		{87561962-6613-4086-8F74-2D36CB30077D}.Debug|Any CPU.ActiveCfg = Debug|Any CPU
		{87561962-6613-4086-8F74-2D36CB30077D}.Debug|Any CPU.Build.0 = Debug|Any CPU
		{87561962-6613-4086-8F74-2D36CB30077D}.Release|Any CPU.ActiveCfg = Release|Any CPU
		{87561962-6613-4086-8F74-2D36CB30077D}.Release|Any CPU.Build.0 = Release|Any CPU
		{1453EB59-0F92-4835-9790-6F5F8853CFED}.Debug|Any CPU.ActiveCfg = Debug|Any CPU
		{1453EB59-0F92-4835-9790-6F5F8853CFED}.Debug|Any CPU.Build.0 = Debug|Any CPU
		{1453EB59-0F92-4835-9790-6F5F8853CFED}.Release|Any CPU.ActiveCfg = Release|Any CPU
		{1453EB59-0F92-4835-9790-6F5F8853CFED}.Release|Any CPU.Build.0 = Release|Any CPU
	EndGlobalSection
	GlobalSection(SolutionProperties) = preSolution
		HideSolutionNode = FALSE
	EndGlobalSection
	GlobalSection(NestedProjects) = preSolution
		{532EE836-2CCA-4E7F-9FCC-0AA5483A713C} = {B2FA79BF-09D2-4C0A-9E70-46B7B9314C2B}
		{2D9850ED-EDA8-4CD8-AE4B-B69D06409445} = {532EE836-2CCA-4E7F-9FCC-0AA5483A713C}
		{0FD0F02E-2518-43F8-9D1B-697B19EF1F18} = {B2FA79BF-09D2-4C0A-9E70-46B7B9314C2B}
		{09FD71EE-6C92-4310-9624-CB0DE9075511} = {3D9EC3E5-4C68-4E88-92DD-217439BE70E4}
		{327E023F-D87E-457A-97D6-07A12EBCDF38} = {B2FA79BF-09D2-4C0A-9E70-46B7B9314C2B}
		{943131F1-D726-4BE4-A27E-23F638926FB5} = {327E023F-D87E-457A-97D6-07A12EBCDF38}
		{3F30CB6B-4EA1-41B1-84FF-EF973BD7F87B} = {327E023F-D87E-457A-97D6-07A12EBCDF38}
		{B69D8295-0BA2-4795-A4E0-724E31B79AED} = {327E023F-D87E-457A-97D6-07A12EBCDF38}
		{1CB7DC6F-D8C7-44BF-B2EA-FFAE520E87CC} = {327E023F-D87E-457A-97D6-07A12EBCDF38}
		{8D3181FD-ABCE-4046-811E-459D217B4C8B} = {532EE836-2CCA-4E7F-9FCC-0AA5483A713C}
		{0C875D9E-5A26-4AA3-8972-EEC4FD40BD9E} = {532EE836-2CCA-4E7F-9FCC-0AA5483A713C}
		{5C052725-3A5D-4F62-A382-7A97F0335F16} = {B2FA79BF-09D2-4C0A-9E70-46B7B9314C2B}
		{946F8E0E-53D3-4614-9651-B927B8AB6C2D} = {5C052725-3A5D-4F62-A382-7A97F0335F16}
		{D164EFA0-D521-42CA-8B86-C41DDFEC6244} = {5C052725-3A5D-4F62-A382-7A97F0335F16}
		{704ACD4F-DC05-460C-8913-0EC238F3C073} = {5C052725-3A5D-4F62-A382-7A97F0335F16}
		{E0E01504-1210-47F5-8C74-834F76C93BD7} = {0FD0F02E-2518-43F8-9D1B-697B19EF1F18}
		{F3E9EDF4-18A8-466F-B6D4-EFE281286456} = {B2FA79BF-09D2-4C0A-9E70-46B7B9314C2B}
		{8802F91B-CD26-4C2C-A191-BA6EF77D49B2} = {F3E9EDF4-18A8-466F-B6D4-EFE281286456}
		{DBD83BE1-6A79-40DF-9280-33D5AB7EC601} = {F3E9EDF4-18A8-466F-B6D4-EFE281286456}
		{87561962-6613-4086-8F74-2D36CB30077D} = {F3E9EDF4-18A8-466F-B6D4-EFE281286456}
		{B3A56EF1-48E6-488A-BE34-90EF8146CA1A} = {B2FA79BF-09D2-4C0A-9E70-46B7B9314C2B}
		{1453EB59-0F92-4835-9790-6F5F8853CFED} = {B3A56EF1-48E6-488A-BE34-90EF8146CA1A}
	EndGlobalSection
	GlobalSection(ExtensibilityGlobals) = postSolution
		SolutionGuid = {FFB2CC2C-CDE8-4F92-949D-FEA7E2CA82C5}
	EndGlobalSection
EndGlobal
